// !$*UTF8*$!
{
	archiveVersion = 1;
	classes = {
	};
	objectVersion = 50;
	objects = {

/* Begin PBXBuildFile section */
		782C05F12154696B00FA6084 /* GuitarGuia.xcdatamodeld in Sources */ = {isa = PBXBuildFile; fileRef = 782C05EF2154696B00FA6084 /* GuitarGuia.xcdatamodeld */; };
		782C05F3215487B800FA6084 /* Globais.swift in Sources */ = {isa = PBXBuildFile; fileRef = 782C05F2215487B800FA6084 /* Globais.swift */; };
		782C05F52154A1C300FA6084 /* MinhaTableViewCell.swift in Sources */ = {isa = PBXBuildFile; fileRef = 782C05F42154A1C300FA6084 /* MinhaTableViewCell.swift */; };
		782E05902150812E007A9576 /* AppDelegate.swift in Sources */ = {isa = PBXBuildFile; fileRef = 782E058F2150812E007A9576 /* AppDelegate.swift */; };
		782E05922150812F007A9576 /* ViewController.swift in Sources */ = {isa = PBXBuildFile; fileRef = 782E05912150812F007A9576 /* ViewController.swift */; };
		782E05952150812F007A9576 /* Main.storyboard in Resources */ = {isa = PBXBuildFile; fileRef = 782E05932150812F007A9576 /* Main.storyboard */; };
		782E059721508132007A9576 /* Assets.xcassets in Resources */ = {isa = PBXBuildFile; fileRef = 782E059621508132007A9576 /* Assets.xcassets */; };
		782E059A21508132007A9576 /* LaunchScreen.storyboard in Resources */ = {isa = PBXBuildFile; fileRef = 782E059821508132007A9576 /* LaunchScreen.storyboard */; };
		782E05A221508656007A9576 /* ListaViewController.swift in Sources */ = {isa = PBXBuildFile; fileRef = 782E05A121508656007A9576 /* ListaViewController.swift */; };
		782E05A521508720007A9576 /* TableViewController.swift in Sources */ = {isa = PBXBuildFile; fileRef = 782E05A321508720007A9576 /* TableViewController.swift */; };
		782E05AD2151D833007A9576 /* CadastroViewController.swift in Sources */ = {isa = PBXBuildFile; fileRef = 782E05AC2151D833007A9576 /* CadastroViewController.swift */; };
/* End PBXBuildFile section */

/* Begin PBXFileReference section */
		782C05F02154696B00FA6084 /* GuitarGuia.xcdatamodel */ = {isa = PBXFileReference; lastKnownFileType = wrapper.xcdatamodel; path = GuitarGuia.xcdatamodel; sourceTree = "<group>"; };
		782C05F2215487B800FA6084 /* Globais.swift */ = {isa = PBXFileReference; lastKnownFileType = sourcecode.swift; path = Globais.swift; sourceTree = "<group>"; };
		782C05F42154A1C300FA6084 /* MinhaTableViewCell.swift */ = {isa = PBXFileReference; lastKnownFileType = sourcecode.swift; path = MinhaTableViewCell.swift; sourceTree = "<group>"; };
		782E058C2150812E007A9576 /* GuitarGuia.app */ = {isa = PBXFileReference; explicitFileType = wrapper.application; includeInIndex = 0; path = GuitarGuia.app; sourceTree = BUILT_PRODUCTS_DIR; };
		782E058F2150812E007A9576 /* AppDelegate.swift */ = {isa = PBXFileReference; lastKnownFileType = sourcecode.swift; path = AppDelegate.swift; sourceTree = "<group>"; };
		782E05912150812F007A9576 /* ViewController.swift */ = {isa = PBXFileReference; lastKnownFileType = sourcecode.swift; path = ViewController.swift; sourceTree = "<group>"; };
		782E05942150812F007A9576 /* Base */ = {isa = PBXFileReference; lastKnownFileType = file.storyboard; name = Base; path = Base.lproj/Main.storyboard; sourceTree = "<group>"; };
		782E059621508132007A9576 /* Assets.xcassets */ = {isa = PBXFileReference; lastKnownFileType = folder.assetcatalog; path = Assets.xcassets; sourceTree = "<group>"; };
		782E059921508132007A9576 /* Base */ = {isa = PBXFileReference; lastKnownFileType = file.storyboard; name = Base; path = Base.lproj/LaunchScreen.storyboard; sourceTree = "<group>"; };
		782E059B21508132007A9576 /* Info.plist */ = {isa = PBXFileReference; lastKnownFileType = text.plist.xml; path = Info.plist; sourceTree = "<group>"; };
		782E05A121508656007A9576 /* ListaViewController.swift */ = {isa = PBXFileReference; lastKnownFileType = sourcecode.swift; path = ListaViewController.swift; sourceTree = "<group>"; };
		782E05A321508720007A9576 /* TableViewController.swift */ = {isa = PBXFileReference; lastKnownFileType = sourcecode.swift; path = TableViewController.swift; sourceTree = "<group>"; };
		782E05AC2151D833007A9576 /* CadastroViewController.swift */ = {isa = PBXFileReference; lastKnownFileType = sourcecode.swift; path = CadastroViewController.swift; sourceTree = "<group>"; };
/* End PBXFileReference section */

/* Begin PBXFrameworksBuildPhase section */
		782E05892150812E007A9576 /* Frameworks */ = {
			isa = PBXFrameworksBuildPhase;
			buildActionMask = 2147483647;
			files = (
			);
			runOnlyForDeploymentPostprocessing = 0;
		};
/* End PBXFrameworksBuildPhase section */

/* Begin PBXGroup section */
		782E05832150812E007A9576 = {
			isa = PBXGroup;
			children = (
				782E058E2150812E007A9576 /* GuitarGuia */,
				782E058D2150812E007A9576 /* Products */,
			);
			sourceTree = "<group>";
		};
		782E058D2150812E007A9576 /* Products */ = {
			isa = PBXGroup;
			children = (
				782E058C2150812E007A9576 /* GuitarGuia.app */,
			);
			name = Products;
			sourceTree = "<group>";
		};
		782E058E2150812E007A9576 /* GuitarGuia */ = {
			isa = PBXGroup;
			children = (
				782E058F2150812E007A9576 /* AppDelegate.swift */,
				782E05912150812F007A9576 /* ViewController.swift */,
				782E05A121508656007A9576 /* ListaViewController.swift */,
				782E05932150812F007A9576 /* Main.storyboard */,
				782C05F2215487B800FA6084 /* Globais.swift */,
				782E059621508132007A9576 /* Assets.xcassets */,
				782E059821508132007A9576 /* LaunchScreen.storyboard */,
				782E059B21508132007A9576 /* Info.plist */,
				782E05B02151DD6C007A9576 /* TelaCadastro */,
				782E05A72150872B007A9576 /* TableView */,
			);
			path = GuitarGuia;
			sourceTree = "<group>";
		};
		782E05A72150872B007A9576 /* TableView */ = {
			isa = PBXGroup;
			children = (
				782E05A321508720007A9576 /* TableViewController.swift */,
			);
			path = TableView;
			sourceTree = "<group>";
		};
		782E05B02151DD6C007A9576 /* TelaCadastro */ = {
			isa = PBXGroup;
			children = (
				782C05F42154A1C300FA6084 /* MinhaTableViewCell.swift */,
				782C05EF2154696B00FA6084 /* GuitarGuia.xcdatamodeld */,
				782E05AC2151D833007A9576 /* CadastroViewController.swift */,
			);
			path = TelaCadastro;
			sourceTree = "<group>";
		};
/* End PBXGroup section */

/* Begin PBXNativeTarget section */
		782E058B2150812E007A9576 /* GuitarGuia */ = {
			isa = PBXNativeTarget;
			buildConfigurationList = 782E059E21508132007A9576 /* Build configuration list for PBXNativeTarget "GuitarGuia" */;
			buildPhases = (
				782E05882150812E007A9576 /* Sources */,
				782E05892150812E007A9576 /* Frameworks */,
				782E058A2150812E007A9576 /* Resources */,
			);
			buildRules = (
			);
			dependencies = (
			);
			name = GuitarGuia;
			productName = GuitarGuia;
			productReference = 782E058C2150812E007A9576 /* GuitarGuia.app */;
			productType = "com.apple.product-type.application";
		};
/* End PBXNativeTarget section */

/* Begin PBXProject section */
		782E05842150812E007A9576 /* Project object */ = {
			isa = PBXProject;
			attributes = {
				LastSwiftUpdateCheck = 0940;
				LastUpgradeCheck = 0940;
				ORGANIZATIONNAME = "Caio Araujo Mariano";
				TargetAttributes = {
					782E058B2150812E007A9576 = {
						CreatedOnToolsVersion = 9.4.1;
					};
				};
			};
			buildConfigurationList = 782E05872150812E007A9576 /* Build configuration list for PBXProject "GuitarGuia" */;
			compatibilityVersion = "Xcode 9.3";
			developmentRegion = en;
			hasScannedForEncodings = 0;
			knownRegions = (
				en,
				Base,
			);
			mainGroup = 782E05832150812E007A9576;
			productRefGroup = 782E058D2150812E007A9576 /* Products */;
			projectDirPath = "";
			projectRoot = "";
			targets = (
				782E058B2150812E007A9576 /* GuitarGuia */,
			);
		};
/* End PBXProject section */

/* Begin PBXResourcesBuildPhase section */
		782E058A2150812E007A9576 /* Resources */ = {
			isa = PBXResourcesBuildPhase;
			buildActionMask = 2147483647;
			files = (
				782E059A21508132007A9576 /* LaunchScreen.storyboard in Resources */,
				782E059721508132007A9576 /* Assets.xcassets in Resources */,
				782E05952150812F007A9576 /* Main.storyboard in Resources */,
			);
			runOnlyForDeploymentPostprocessing = 0;
		};
/* End PBXResourcesBuildPhase section */

/* Begin PBXSourcesBuildPhase section */
		782E05882150812E007A9576 /* Sources */ = {
			isa = PBXSourcesBuildPhase;
			buildActionMask = 2147483647;
			files = (
				782C05F12154696B00FA6084 /* GuitarGuia.xcdatamodeld in Sources */,
				782C05F3215487B800FA6084 /* Globais.swift in Sources */,
				782E05A221508656007A9576 /* ListaViewController.swift in Sources */,
				782E05922150812F007A9576 /* ViewController.swift in Sources */,
				782E05902150812E007A9576 /* AppDelegate.swift in Sources */,
				782E05AD2151D833007A9576 /* CadastroViewController.swift in Sources */,
				782C05F52154A1C300FA6084 /* MinhaTableViewCell.swift in Sources */,
				782E05A521508720007A9576 /* TableViewController.swift in Sources */,
			);
			runOnlyForDeploymentPostprocessing = 0;
		};
/* End PBXSourcesBuildPhase section */

/* Begin PBXVariantGroup section */
		782E05932150812F007A9576 /* Main.storyboard */ = {
			isa = PBXVariantGroup;
			children = (
				782E05942150812F007A9576 /* Base */,
			);
			name = Main.storyboard;
			sourceTree = "<group>";
		};
		782E059821508132007A9576 /* LaunchScreen.storyboard */ = {
			isa = PBXVariantGroup;
			children = (
				782E059921508132007A9576 /* Base */,
			);
			name = LaunchScreen.storyboard;
			sourceTree = "<group>";
		};
/* End PBXVariantGroup section */

/* Begin XCBuildConfiguration section */
		782E059C21508132007A9576 /* Debug */ = {
			isa = XCBuildConfiguration;
			buildSettings = {
				ALWAYS_SEARCH_USER_PATHS = NO;
				CLANG_ANALYZER_NONNULL = YES;
				CLANG_ANALYZER_NUMBER_OBJECT_CONVERSION = YES_AGGRESSIVE;
				CLANG_CXX_LANGUAGE_STANDARD = "gnu++14";
				CLANG_CXX_LIBRARY = "libc++";
				CLANG_ENABLE_MODULES = YES;
				CLANG_ENABLE_OBJC_ARC = YES;
				CLANG_ENABLE_OBJC_WEAK = YES;
				CLANG_WARN_BLOCK_CAPTURE_AUTORELEASING = YES;
				CLANG_WARN_BOOL_CONVERSION = YES;
				CLANG_WARN_COMMA = YES;
				CLANG_WARN_CONSTANT_CONVERSION = YES;
				CLANG_WARN_DEPRECATED_OBJC_IMPLEMENTATIONS = YES;
				CLANG_WARN_DIRECT_OBJC_ISA_USAGE = YES_ERROR;
				CLANG_WARN_DOCUMENTATION_COMMENTS = YES;
				CLANG_WARN_EMPTY_BODY = YES;
				CLANG_WARN_ENUM_CONVERSION = YES;
				CLANG_WARN_INFINITE_RECURSION = YES;
				CLANG_WARN_INT_CONVERSION = YES;
				CLANG_WARN_NON_LITERAL_NULL_CONVERSION = YES;
				CLANG_WARN_OBJC_IMPLICIT_RETAIN_SELF = YES;
				CLANG_WARN_OBJC_LITERAL_CONVERSION = YES;
				CLANG_WARN_OBJC_ROOT_CLASS = YES_ERROR;
				CLANG_WARN_RANGE_LOOP_ANALYSIS = YES;
				CLANG_WARN_STRICT_PROTOTYPES = YES;
				CLANG_WARN_SUSPICIOUS_MOVE = YES;
				CLANG_WARN_UNGUARDED_AVAILABILITY = YES_AGGRESSIVE;
				CLANG_WARN_UNREACHABLE_CODE = YES;
				CLANG_WARN__DUPLICATE_METHOD_MATCH = YES;
				CODE_SIGN_IDENTITY = "iPhone Developer";
				COPY_PHASE_STRIP = NO;
				DEBUG_INFORMATION_FORMAT = dwarf;
				ENABLE_STRICT_OBJC_MSGSEND = YES;
				ENABLE_TESTABILITY = YES;
				GCC_C_LANGUAGE_STANDARD = gnu11;
				GCC_DYNAMIC_NO_PIC = NO;
				GCC_NO_COMMON_BLOCKS = YES;
				GCC_OPTIMIZATION_LEVEL = 0;
				GCC_PREPROCESSOR_DEFINITIONS = (
					"DEBUG=1",
					"$(inherited)",
				);
				GCC_WARN_64_TO_32_BIT_CONVERSION = YES;
				GCC_WARN_ABOUT_RETURN_TYPE = YES_ERROR;
				GCC_WARN_UNDECLARED_SELECTOR = YES;
				GCC_WARN_UNINITIALIZED_AUTOS = YES_AGGRESSIVE;
				GCC_WARN_UNUSED_FUNCTION = YES;
				GCC_WARN_UNUSED_VARIABLE = YES;
				IPHONEOS_DEPLOYMENT_TARGET = 11.4;
				MTL_ENABLE_DEBUG_INFO = YES;
				ONLY_ACTIVE_ARCH = YES;
				SDKROOT = iphoneos;
				SWIFT_ACTIVE_COMPILATION_CONDITIONS = DEBUG;
				SWIFT_OPTIMIZATION_LEVEL = "-Onone";
			};
			name = Debug;
		};
		782E059D21508132007A9576 /* Release */ = {
			isa = XCBuildConfiguration;
			buildSettings = {
				ALWAYS_SEARCH_USER_PATHS = NO;
				CLANG_ANALYZER_NONNULL = YES;
				CLANG_ANALYZER_NUMBER_OBJECT_CONVERSION = YES_AGGRESSIVE;
				CLANG_CXX_LANGUAGE_STANDARD = "gnu++14";
				CLANG_CXX_LIBRARY = "libc++";
				CLANG_ENABLE_MODULES = YES;
				CLANG_ENABLE_OBJC_ARC = YES;
				CLANG_ENABLE_OBJC_WEAK = YES;
				CLANG_WARN_BLOCK_CAPTURE_AUTORELEASING = YES;
				CLANG_WARN_BOOL_CONVERSION = YES;
				CLANG_WARN_COMMA = YES;
				CLANG_WARN_CONSTANT_CONVERSION = YES;
				CLANG_WARN_DEPRECATED_OBJC_IMPLEMENTATIONS = YES;
				CLANG_WARN_DIRECT_OBJC_ISA_USAGE = YES_ERROR;
				CLANG_WARN_DOCUMENTATION_COMMENTS = YES;
				CLANG_WARN_EMPTY_BODY = YES;
				CLANG_WARN_ENUM_CONVERSION = YES;
				CLANG_WARN_INFINITE_RECURSION = YES;
				CLANG_WARN_INT_CONVERSION = YES;
				CLANG_WARN_NON_LITERAL_NULL_CONVERSION = YES;
				CLANG_WARN_OBJC_IMPLICIT_RETAIN_SELF = YES;
				CLANG_WARN_OBJC_LITERAL_CONVERSION = YES;
				CLANG_WARN_OBJC_ROOT_CLASS = YES_ERROR;
				CLANG_WARN_RANGE_LOOP_ANALYSIS = YES;
				CLANG_WARN_STRICT_PROTOTYPES = YES;
				CLANG_WARN_SUSPICIOUS_MOVE = YES;
				CLANG_WARN_UNGUARDED_AVAILABILITY = YES_AGGRESSIVE;
				CLANG_WARN_UNREACHABLE_CODE = YES;
				CLANG_WARN__DUPLICATE_METHOD_MATCH = YES;
				CODE_SIGN_IDENTITY = "iPhone Developer";
				COPY_PHASE_STRIP = NO;
				DEBUG_INFORMATION_FORMAT = "dwarf-with-dsym";
				ENABLE_NS_ASSERTIONS = NO;
				ENABLE_STRICT_OBJC_MSGSEND = YES;
				GCC_C_LANGUAGE_STANDARD = gnu11;
				GCC_NO_COMMON_BLOCKS = YES;
				GCC_WARN_64_TO_32_BIT_CONVERSION = YES;
				GCC_WARN_ABOUT_RETURN_TYPE = YES_ERROR;
				GCC_WARN_UNDECLARED_SELECTOR = YES;
				GCC_WARN_UNINITIALIZED_AUTOS = YES_AGGRESSIVE;
				GCC_WARN_UNUSED_FUNCTION = YES;
				GCC_WARN_UNUSED_VARIABLE = YES;
				IPHONEOS_DEPLOYMENT_TARGET = 11.4;
				MTL_ENABLE_DEBUG_INFO = NO;
				SDKROOT = iphoneos;
				SWIFT_COMPILATION_MODE = wholemodule;
				SWIFT_OPTIMIZATION_LEVEL = "-O";
				VALIDATE_PRODUCT = YES;
			};
			name = Release;
		};
		782E059F21508132007A9576 /* Debug */ = {
			isa = XCBuildConfiguration;
			buildSettings = {
				ASSETCATALOG_COMPILER_APPICON_NAME = AppIcon;
				CODE_SIGN_STYLE = Automatic;
				INFOPLIST_FILE = GuitarGuia/Info.plist;
				LD_RUNPATH_SEARCH_PATHS = (
					"$(inherited)",
					"@executable_path/Frameworks",
				);
				PRODUCT_BUNDLE_IDENTIFIER = br.com.caio.GuitarGuia;
				PRODUCT_NAME = "$(TARGET_NAME)";
				SWIFT_VERSION = 4.0;
				TARGETED_DEVICE_FAMILY = "1,2";
			};
			name = Debug;
		};
		782E05A021508132007A9576 /* Release */ = {
			isa = XCBuildConfiguration;
			buildSettings = {
				ASSETCATALOG_COMPILER_APPICON_NAME = AppIcon;
				CODE_SIGN_STYLE = Automatic;
				INFOPLIST_FILE = GuitarGuia/Info.plist;
				LD_RUNPATH_SEARCH_PATHS = (
					"$(inherited)",
					"@executable_path/Frameworks",
				);
				PRODUCT_BUNDLE_IDENTIFIER = br.com.caio.GuitarGuia;
				PRODUCT_NAME = "$(TARGET_NAME)";
				SWIFT_VERSION = 4.0;
				TARGETED_DEVICE_FAMILY = "1,2";
			};
			name = Release;
		};
/* End XCBuildConfiguration section */

/* Begin XCConfigurationList section */
		782E05872150812E007A9576 /* Build configuration list for PBXProject "GuitarGuia" */ = {
			isa = XCConfigurationList;
			buildConfigurations = (
				782E059C21508132007A9576 /* Debug */,
				782E059D21508132007A9576 /* Release */,
			);
			defaultConfigurationIsVisible = 0;
			defaultConfigurationName = Release;
		};
		782E059E21508132007A9576 /* Build configuration list for PBXNativeTarget "GuitarGuia" */ = {
			isa = XCConfigurationList;
			buildConfigurations = (
				782E059F21508132007A9576 /* Debug */,
				782E05A021508132007A9576 /* Release */,
			);
			defaultConfigurationIsVisible = 0;
			defaultConfigurationName = Release;
		};
/* End XCConfigurationList section */

/* Begin XCVersionGroup section */
		782C05EF2154696B00FA6084 /* GuitarGuia.xcdatamodeld */ = {
			isa = XCVersionGroup;
			children = (
				782C05F02154696B00FA6084 /* GuitarGuia.xcdatamodel */,
			);
			currentVersion = 782C05F02154696B00FA6084 /* GuitarGuia.xcdatamodel */;
			path = GuitarGuia.xcdatamodeld;
			sourceTree = "<group>";
			versionGroupType = wrapper.xcdatamodel;
		};
/* End XCVersionGroup section */
	};
	rootObject = 782E05842150812E007A9576 /* Project object */;
}
